
Microsoft Visual Studio Solution File, Format Version 12.00
# Visual Studio Version 17
VisualStudioVersion = 17.3.32922.545
MinimumVisualStudioVersion = 10.0.40219.1
Project("{888888A0-9F3D-457C-B088-3A5042F75D52}") = "Delaunay Triangulation", "Delaunay Triangulation.pyproj", "{3FA8D5B8-E6E4-4918-891E-FB17BF21287B}"
EndProject
Global
	GlobalSection(SolutionConfigurationPlatforms) = preSolution
		Debug|Any CPU = Debug|Any CPU
		Release|Any CPU = Release|Any CPU
	EndGlobalSection
	GlobalSection(ProjectConfigurationPlatforms) = postSolution
		{3FA8D5B8-E6E4-4918-891E-FB17BF21287B}.Debug|Any CPU.ActiveCfg = Debug|Any CPU
		{3FA8D5B8-E6E4-4918-891E-FB17BF21287B}.Release|Any CPU.ActiveCfg = Release|Any CPU
	EndGlobalSection
	GlobalSection(SolutionProperties) = preSolution
		HideSolutionNode = FALSE
	EndGlobalSection
	GlobalSection(ExtensibilityGlobals) = postSolution
		SolutionGuid = {BB1DEFA2-66EE-40CD-95FE-DA093A3D3392}
	EndGlobalSection
EndGlobal
